{
  "name": "create-codex-hive",
  "version": "0.1.0",
  "lockfileVersion": 3,
  "requires": true,
  "packages": {
    "": {
      "name": "create-codex-hive",
      "version": "0.1.0",
      "license": "Unlicense",
      "bin": {
        "create-codex-hive": "cli/create-codex-hive.js"
      },
      "devDependencies": {
        "dump-for-context": "^1.0.2"
      }
    },
    "node_modules/dump-for-context": {
      "version": "1.0.2",
      "resolved": "https://registry.npmjs.org/dump-for-context/-/dump-for-context-1.0.2.tgz",
      "integrity": "sha512-LeU8/TcYdq/auhKxP7Th943ugiR9mGaOYPYKEzU3WlYW7sAmUJl6W5U1I1Tkx687vNAP8QqrbvSmDUGZbuuPmA==",
      "dev": true,
      "license": "Unlicense",
      "bin": {
        "dump-for-context": "bin/dump-for-context.js"
      }
    }
  }
}
